
Microsoft Visual Studio Solution File, Format Version 11.00
# Visual Studio 2010
Project("{FAE04EC0-301F-11D3-BF4B-00C04F79EFBC}") = "ActivationKey", "ActivationKey.csproj", "{A25AF6B1-F1A6-4A0E-989E-CA61C126D865}"
EndProject
Global
	GlobalSection(SolutionConfigurationPlatforms) = preSolution
		Debug|Any CPU = Debug|Any CPU
		Release|Any CPU = Release|Any CPU
	EndGlobalSection
	GlobalSection(ProjectConfigurationPlatforms) = postSolution
		{A25AF6B1-F1A6-4A0E-989E-CA61C126D865}.Debug|Any CPU.ActiveCfg = Debug|Any CPU
		{A25AF6B1-F1A6-4A0E-989E-CA61C126D865}.Debug|Any CPU.Build.0 = Debug|Any CPU
		{A25AF6B1-F1A6-4A0E-989E-CA61C126D865}.Release|Any CPU.ActiveCfg = Release|Any CPU
		{A25AF6B1-F1A6-4A0E-989E-CA61C126D865}.Release|Any CPU.Build.0 = Release|Any CPU
	EndGlobalSection
	GlobalSection(SolutionProperties) = preSolution
		HideSolutionNode = FALSE
	EndGlobalSection
EndGlobal
